
Microsoft Visual Studio Solution File, Format Version 12.00
# Visual Studio 14
VisualStudioVersion = 14.0.23107.0
MinimumVisualStudioVersion = 10.0.40219.1
Project("{FAE04EC0-301F-11D3-BF4B-00C04F79EFBC}") = "ZDL.ConsoleCode", "ZDL.ConsoleCode\ZDL.ConsoleCode.csproj", "{E638E09D-1F02-4198-B348-5C76C596324A}"
EndProject
Project("{FAE04EC0-301F-11D3-BF4B-00C04F79EFBC}") = "ZDL.Net", "ZDL.Net\ZDL.Net.csproj", "{71ACBFA3-5C87-47A0-93B6-7D6C82F49B3E}"
EndProject
Project("{E24C65DC-7377-472B-9ABA-BC803B73C61A}") = "ZDL.WebSocket", "ZDL.WebSocket\", "{FC04DB6B-6996-49FF-B936-CACE343D46B3}"
	ProjectSection(WebsiteProperties) = preProject
		TargetFrameworkMoniker = ".NETFramework,Version%3Dv4.5.2"
		Debug.AspNetCompiler.VirtualPath = "/localhost_3655"
		Debug.AspNetCompiler.PhysicalPath = "ZDL.WebSocket\"
		Debug.AspNetCompiler.TargetPath = "PrecompiledWeb\localhost_3655\"
		Debug.AspNetCompiler.Updateable = "true"
		Debug.AspNetCompiler.ForceOverwrite = "true"
		Debug.AspNetCompiler.FixedNames = "false"
		Debug.AspNetCompiler.Debug = "True"
		Release.AspNetCompiler.VirtualPath = "/localhost_3655"
		Release.AspNetCompiler.PhysicalPath = "ZDL.WebSocket\"
		Release.AspNetCompiler.TargetPath = "PrecompiledWeb\localhost_3655\"
		Release.AspNetCompiler.Updateable = "true"
		Release.AspNetCompiler.ForceOverwrite = "true"
		Release.AspNetCompiler.FixedNames = "false"
		Release.AspNetCompiler.Debug = "False"
		VWDPort = "3655"
		SlnRelativePath = "ZDL.WebSocket\"
		DefaultWebSiteLanguage = "Visual C#"
	EndProjectSection
EndProject
Project("{2150E333-8FDC-42A3-9474-1A3956D46DE8}") = "WebSocketTest", "WebSocketTest", "{51EAD262-6B1C-430D-87CF-C0207BC81E4C}"
EndProject
Project("{2150E333-8FDC-42A3-9474-1A3956D46DE8}") = "SuperWebSocket", "SuperWebSocket", "{59172482-DAEB-40DA-927D-5D62387235AE}"
EndProject
Project("{FAE04EC0-301F-11D3-BF4B-00C04F79EFBC}") = "SuperWebSocketTest.NET45", "SuperSocket\SuperWebSocketTest\SuperWebSocketTest.NET45.csproj", "{9EF7E84D-B746-4285-A89A-5A515AB540EA}"
EndProject
Project("{FAE04EC0-301F-11D3-BF4B-00C04F79EFBC}") = "SuperWebSocket.NET45", "SuperSocket\SuperWebSocket\SuperWebSocket.NET45.csproj", "{2DC79E40-BB70-4F6A-B378-905F2FBC6E97}"
EndProject
Project("{FAE04EC0-301F-11D3-BF4B-00C04F79EFBC}") = "PingServer", "ZDL.Ping\PingServer.csproj", "{C8A6D47B-E45C-4C2F-A2D7-0190065F35E9}"
EndProject
Project("{2150E333-8FDC-42A3-9474-1A3956D46DE8}") = "SocketServerCommonLib", "SocketServerCommonLib", "{48368F8B-8468-455A-9F4F-C96F437492AF}"
EndProject
Project("{FAE04EC0-301F-11D3-BF4B-00C04F79EFBC}") = "HelpCommonLib", "SocketServerCommonLib\HelpCommonLib\HelpCommonLib.csproj", "{0F609376-9E9A-4B64-91F1-320ABBC44184}"
EndProject
Project("{FAE04EC0-301F-11D3-BF4B-00C04F79EFBC}") = "SocketClientCommonLib", "SocketServerCommonLib\SocketClientCommonLib\SocketClientCommonLib.csproj", "{0D90D6FB-42CA-4518-92DD-97F2AF932FB4}"
EndProject
Project("{FAE04EC0-301F-11D3-BF4B-00C04F79EFBC}") = "SocketServer", "SocketServerCommonLib\SocketServer\SocketServer.csproj", "{22FCBAEE-4783-4380-A61D-F950084432E7}"
EndProject
Project("{FAE04EC0-301F-11D3-BF4B-00C04F79EFBC}") = "SocketServerCommonLib", "SocketServerCommonLib\SocketServerCommonLib\SocketServerCommonLib.csproj", "{3230DF07-C887-4EB0-8F98-B21C2100E952}"
EndProject
Global
	GlobalSection(SolutionConfigurationPlatforms) = preSolution
		Debug|Any CPU = Debug|Any CPU
		Debug|x86 = Debug|x86
		Release|Any CPU = Release|Any CPU
		Release|x86 = Release|x86
	EndGlobalSection
	GlobalSection(ProjectConfigurationPlatforms) = postSolution
		{E638E09D-1F02-4198-B348-5C76C596324A}.Debug|Any CPU.ActiveCfg = Debug|Any CPU
		{E638E09D-1F02-4198-B348-5C76C596324A}.Debug|Any CPU.Build.0 = Debug|Any CPU
		{E638E09D-1F02-4198-B348-5C76C596324A}.Debug|x86.ActiveCfg = Debug|Any CPU
		{E638E09D-1F02-4198-B348-5C76C596324A}.Debug|x86.Build.0 = Debug|Any CPU
		{E638E09D-1F02-4198-B348-5C76C596324A}.Release|Any CPU.ActiveCfg = Release|Any CPU
		{E638E09D-1F02-4198-B348-5C76C596324A}.Release|Any CPU.Build.0 = Release|Any CPU
		{E638E09D-1F02-4198-B348-5C76C596324A}.Release|x86.ActiveCfg = Release|Any CPU
		{E638E09D-1F02-4198-B348-5C76C596324A}.Release|x86.Build.0 = Release|Any CPU
		{71ACBFA3-5C87-47A0-93B6-7D6C82F49B3E}.Debug|Any CPU.ActiveCfg = Debug|Any CPU
		{71ACBFA3-5C87-47A0-93B6-7D6C82F49B3E}.Debug|Any CPU.Build.0 = Debug|Any CPU
		{71ACBFA3-5C87-47A0-93B6-7D6C82F49B3E}.Debug|x86.ActiveCfg = Debug|Any CPU
		{71ACBFA3-5C87-47A0-93B6-7D6C82F49B3E}.Debug|x86.Build.0 = Debug|Any CPU
		{71ACBFA3-5C87-47A0-93B6-7D6C82F49B3E}.Release|Any CPU.ActiveCfg = Release|Any CPU
		{71ACBFA3-5C87-47A0-93B6-7D6C82F49B3E}.Release|Any CPU.Build.0 = Release|Any CPU
		{71ACBFA3-5C87-47A0-93B6-7D6C82F49B3E}.Release|x86.ActiveCfg = Release|Any CPU
		{71ACBFA3-5C87-47A0-93B6-7D6C82F49B3E}.Release|x86.Build.0 = Release|Any CPU
		{FC04DB6B-6996-49FF-B936-CACE343D46B3}.Debug|Any CPU.ActiveCfg = Debug|Any CPU
		{FC04DB6B-6996-49FF-B936-CACE343D46B3}.Debug|Any CPU.Build.0 = Debug|Any CPU
		{FC04DB6B-6996-49FF-B936-CACE343D46B3}.Debug|x86.ActiveCfg = Debug|Any CPU
		{FC04DB6B-6996-49FF-B936-CACE343D46B3}.Debug|x86.Build.0 = Debug|Any CPU
		{FC04DB6B-6996-49FF-B936-CACE343D46B3}.Release|Any CPU.ActiveCfg = Debug|Any CPU
		{FC04DB6B-6996-49FF-B936-CACE343D46B3}.Release|Any CPU.Build.0 = Debug|Any CPU
		{FC04DB6B-6996-49FF-B936-CACE343D46B3}.Release|x86.ActiveCfg = Debug|Any CPU
		{FC04DB6B-6996-49FF-B936-CACE343D46B3}.Release|x86.Build.0 = Debug|Any CPU
		{9EF7E84D-B746-4285-A89A-5A515AB540EA}.Debug|Any CPU.ActiveCfg = Debug|Any CPU
		{9EF7E84D-B746-4285-A89A-5A515AB540EA}.Debug|Any CPU.Build.0 = Debug|Any CPU
		{9EF7E84D-B746-4285-A89A-5A515AB540EA}.Debug|x86.ActiveCfg = Debug|Any CPU
		{9EF7E84D-B746-4285-A89A-5A515AB540EA}.Debug|x86.Build.0 = Debug|Any CPU
		{9EF7E84D-B746-4285-A89A-5A515AB540EA}.Release|Any CPU.ActiveCfg = Release|Any CPU
		{9EF7E84D-B746-4285-A89A-5A515AB540EA}.Release|Any CPU.Build.0 = Release|Any CPU
		{9EF7E84D-B746-4285-A89A-5A515AB540EA}.Release|x86.ActiveCfg = Release|Any CPU
		{9EF7E84D-B746-4285-A89A-5A515AB540EA}.Release|x86.Build.0 = Release|Any CPU
		{2DC79E40-BB70-4F6A-B378-905F2FBC6E97}.Debug|Any CPU.ActiveCfg = Debug|Any CPU
		{2DC79E40-BB70-4F6A-B378-905F2FBC6E97}.Debug|Any CPU.Build.0 = Debug|Any CPU
		{2DC79E40-BB70-4F6A-B378-905F2FBC6E97}.Debug|x86.ActiveCfg = Debug|Any CPU
		{2DC79E40-BB70-4F6A-B378-905F2FBC6E97}.Debug|x86.Build.0 = Debug|Any CPU
		{2DC79E40-BB70-4F6A-B378-905F2FBC6E97}.Release|Any CPU.ActiveCfg = Release|Any CPU
		{2DC79E40-BB70-4F6A-B378-905F2FBC6E97}.Release|Any CPU.Build.0 = Release|Any CPU
		{2DC79E40-BB70-4F6A-B378-905F2FBC6E97}.Release|x86.ActiveCfg = Release|Any CPU
		{2DC79E40-BB70-4F6A-B378-905F2FBC6E97}.Release|x86.Build.0 = Release|Any CPU
		{C8A6D47B-E45C-4C2F-A2D7-0190065F35E9}.Debug|Any CPU.ActiveCfg = Debug|Any CPU
		{C8A6D47B-E45C-4C2F-A2D7-0190065F35E9}.Debug|Any CPU.Build.0 = Debug|Any CPU
		{C8A6D47B-E45C-4C2F-A2D7-0190065F35E9}.Debug|x86.ActiveCfg = Debug|Any CPU
		{C8A6D47B-E45C-4C2F-A2D7-0190065F35E9}.Debug|x86.Build.0 = Debug|Any CPU
		{C8A6D47B-E45C-4C2F-A2D7-0190065F35E9}.Release|Any CPU.ActiveCfg = Release|Any CPU
		{C8A6D47B-E45C-4C2F-A2D7-0190065F35E9}.Release|Any CPU.Build.0 = Release|Any CPU
		{C8A6D47B-E45C-4C2F-A2D7-0190065F35E9}.Release|x86.ActiveCfg = Release|Any CPU
		{C8A6D47B-E45C-4C2F-A2D7-0190065F35E9}.Release|x86.Build.0 = Release|Any CPU
		{0F609376-9E9A-4B64-91F1-320ABBC44184}.Debug|Any CPU.ActiveCfg = Debug|Any CPU
		{0F609376-9E9A-4B64-91F1-320ABBC44184}.Debug|Any CPU.Build.0 = Debug|Any CPU
		{0F609376-9E9A-4B64-91F1-320ABBC44184}.Debug|x86.ActiveCfg = Debug|Any CPU
		{0F609376-9E9A-4B64-91F1-320ABBC44184}.Debug|x86.Build.0 = Debug|Any CPU
		{0F609376-9E9A-4B64-91F1-320ABBC44184}.Release|Any CPU.ActiveCfg = Release|Any CPU
		{0F609376-9E9A-4B64-91F1-320ABBC44184}.Release|Any CPU.Build.0 = Release|Any CPU
		{0F609376-9E9A-4B64-91F1-320ABBC44184}.Release|x86.ActiveCfg = Release|Any CPU
		{0F609376-9E9A-4B64-91F1-320ABBC44184}.Release|x86.Build.0 = Release|Any CPU
		{0D90D6FB-42CA-4518-92DD-97F2AF932FB4}.Debug|Any CPU.ActiveCfg = Debug|Any CPU
		{0D90D6FB-42CA-4518-92DD-97F2AF932FB4}.Debug|Any CPU.Build.0 = Debug|Any CPU
		{0D90D6FB-42CA-4518-92DD-97F2AF932FB4}.Debug|x86.ActiveCfg = Debug|Any CPU
		{0D90D6FB-42CA-4518-92DD-97F2AF932FB4}.Debug|x86.Build.0 = Debug|Any CPU
		{0D90D6FB-42CA-4518-92DD-97F2AF932FB4}.Release|Any CPU.ActiveCfg = Release|Any CPU
		{0D90D6FB-42CA-4518-92DD-97F2AF932FB4}.Release|Any CPU.Build.0 = Release|Any CPU
		{0D90D6FB-42CA-4518-92DD-97F2AF932FB4}.Release|x86.ActiveCfg = Release|Any CPU
		{0D90D6FB-42CA-4518-92DD-97F2AF932FB4}.Release|x86.Build.0 = Release|Any CPU
		{22FCBAEE-4783-4380-A61D-F950084432E7}.Debug|Any CPU.ActiveCfg = Debug|Any CPU
		{22FCBAEE-4783-4380-A61D-F950084432E7}.Debug|Any CPU.Build.0 = Debug|Any CPU
		{22FCBAEE-4783-4380-A61D-F950084432E7}.Debug|x86.ActiveCfg = Debug|Any CPU
		{22FCBAEE-4783-4380-A61D-F950084432E7}.Debug|x86.Build.0 = Debug|Any CPU
		{22FCBAEE-4783-4380-A61D-F950084432E7}.Release|Any CPU.ActiveCfg = Release|Any CPU
		{22FCBAEE-4783-4380-A61D-F950084432E7}.Release|Any CPU.Build.0 = Release|Any CPU
		{22FCBAEE-4783-4380-A61D-F950084432E7}.Release|x86.ActiveCfg = Release|Any CPU
		{22FCBAEE-4783-4380-A61D-F950084432E7}.Release|x86.Build.0 = Release|Any CPU
		{3230DF07-C887-4EB0-8F98-B21C2100E952}.Debug|Any CPU.ActiveCfg = Debug|Any CPU
		{3230DF07-C887-4EB0-8F98-B21C2100E952}.Debug|Any CPU.Build.0 = Debug|Any CPU
		{3230DF07-C887-4EB0-8F98-B21C2100E952}.Debug|x86.ActiveCfg = Debug|Any CPU
		{3230DF07-C887-4EB0-8F98-B21C2100E952}.Debug|x86.Build.0 = Debug|Any CPU
		{3230DF07-C887-4EB0-8F98-B21C2100E952}.Release|Any CPU.ActiveCfg = Release|Any CPU
		{3230DF07-C887-4EB0-8F98-B21C2100E952}.Release|Any CPU.Build.0 = Release|Any CPU
		{3230DF07-C887-4EB0-8F98-B21C2100E952}.Release|x86.ActiveCfg = Release|Any CPU
		{3230DF07-C887-4EB0-8F98-B21C2100E952}.Release|x86.Build.0 = Release|Any CPU
	EndGlobalSection
	GlobalSection(SolutionProperties) = preSolution
		HideSolutionNode = FALSE
	EndGlobalSection
	GlobalSection(NestedProjects) = preSolution
		{E638E09D-1F02-4198-B348-5C76C596324A} = {51EAD262-6B1C-430D-87CF-C0207BC81E4C}
		{71ACBFA3-5C87-47A0-93B6-7D6C82F49B3E} = {51EAD262-6B1C-430D-87CF-C0207BC81E4C}
		{FC04DB6B-6996-49FF-B936-CACE343D46B3} = {51EAD262-6B1C-430D-87CF-C0207BC81E4C}
		{9EF7E84D-B746-4285-A89A-5A515AB540EA} = {59172482-DAEB-40DA-927D-5D62387235AE}
		{2DC79E40-BB70-4F6A-B378-905F2FBC6E97} = {59172482-DAEB-40DA-927D-5D62387235AE}
		{C8A6D47B-E45C-4C2F-A2D7-0190065F35E9} = {51EAD262-6B1C-430D-87CF-C0207BC81E4C}
		{0F609376-9E9A-4B64-91F1-320ABBC44184} = {48368F8B-8468-455A-9F4F-C96F437492AF}
		{0D90D6FB-42CA-4518-92DD-97F2AF932FB4} = {48368F8B-8468-455A-9F4F-C96F437492AF}
		{22FCBAEE-4783-4380-A61D-F950084432E7} = {48368F8B-8468-455A-9F4F-C96F437492AF}
		{3230DF07-C887-4EB0-8F98-B21C2100E952} = {48368F8B-8468-455A-9F4F-C96F437492AF}
	EndGlobalSection
EndGlobal
